<?xml version="1.0" encoding="utf-8"?>
<Project ToolsVersion="4.0" xmlns="http://schemas.microsoft.com/developer/msbuild/2003">
  <ItemGroup>
    <Filter Include="Source Files">
      <UniqueIdentifier>{4FC737F1-C7A5-4376-A066-2A32D752A2FF}</UniqueIdentifier>
      <Extensions>cpp;c;cc;cxx;c++;cppm;ixx;def;odl;idl;hpj;bat;asm;asmx</Extensions>
    </Filter>
    <Filter Include="Header Files">
      <UniqueIdentifier>{93995380-89BD-4b04-88EB-625FBE52EBFB}</UniqueIdentifier>
      <Extensions>h;hh;hpp;hxx;h++;hm;inl;inc;ipp;xsd</Extensions>
    </Filter>
    <Filter Include="Resource Files">
      <UniqueIdentifier>{67DA6AB6-F800-4c08-8B7A-83BB121AAD01}</UniqueIdentifier>
      <Extensions>rc;ico;cur;bmp;dlg;rc2;rct;bin;rgs;gif;jpg;jpeg;jpe;resx;tiff;tif;png;wav;mfcribbon-ms</Extensions>
    </Filter>
    <Filter Include="Source Files\res">
      <UniqueIdentifier>{184f1b37-b891-472d-b88c-3324a790169e}</UniqueIdentifier>
    </Filter>
    <Filter Include="Source Files\res\sfx">
      <UniqueIdentifier>{7ee64c55-cda3-47cb-8a8f-bb5715b6453d}</UniqueIdentifier>
    </Filter>
    <Filter Include="Source Files\res\font">
      <UniqueIdentifier>{6261feec-b724-4144-9388-cd7c133e8a12}</UniqueIdentifier>
    </Filter>
    <Filter Include="Source Files\res\gfx">
      <UniqueIdentifier>{8257f460-ae25-4479-8973-eb012e6ac1cd}</UniqueIdentifier>
    </Filter>
  </ItemGroup>
  <ItemGroup>
    <ClCompile Include="..\..\MiniGolf\src\ball.cpp">
      <Filter>Source Files</Filter>
    </ClCompile>
    <ClCompile Include="..\..\MiniGolf\src\entity.cpp">
      <Filter>Source Files</Filter>
    </ClCompile>
    <ClCompile Include="..\..\MiniGolf\src\hole.cpp">
      <Filter>Source Files</Filter>
    </ClCompile>
    <ClCompile Include="..\..\MiniGolf\src\main.cpp">
      <Filter>Source Files</Filter>
    </ClCompile>
    <ClCompile Include="..\..\MiniGolf\src\renderwindow.cpp">
      <Filter>Source Files</Filter>
    </ClCompile>
    <ClCompile Include="..\..\MiniGolf\src\tile.cpp">
      <Filter>Source Files</Filter>
    </ClCompile>
  </ItemGroup>
  <ItemGroup>
    <ClInclude Include="..\..\MiniGolf\src\Ball.h">
      <Filter>Source Files</Filter>
    </ClInclude>
    <ClInclude Include="..\..\MiniGolf\src\Entity.h">
      <Filter>Source Files</Filter>
    </ClInclude>
    <ClInclude Include="..\..\MiniGolf\src\Hole.h">
      <Filter>Source Files</Filter>
    </ClInclude>
    <ClInclude Include="..\..\MiniGolf\src\Math.h">
      <Filter>Source Files</Filter>
    </ClInclude>
    <ClInclude Include="..\..\MiniGolf\src\RenderWindow.h">
      <Filter>Source Files</Filter>
    </ClInclude>
    <ClInclude Include="..\..\MiniGolf\src\Tile.h">
      <Filter>Source Files</Filter>
    </ClInclude>
  </ItemGroup>
  <ItemGroup>
    <Image Include="..\..\Twini-Golf-main (1)\Twini-Golf-main\res\gfx\ball.png">
      <Filter>Source Files\res\gfx</Filter>
    </Image>
    <Image Include="..\..\Twini-Golf-main (1)\Twini-Golf-main\res\gfx\ball_shadow.png">
      <Filter>Source Files\res\gfx</Filter>
    </Image>
    <Image Include="..\..\Twini-Golf-main (1)\Twini-Golf-main\res\gfx\bg.png">
      <Filter>Source Files\res\gfx</Filter>
    </Image>
    <Image Include="..\..\Twini-Golf-main (1)\Twini-Golf-main\res\gfx\click2start.png">
      <Filter>Source Files\res\gfx</Filter>
    </Image>
    <Image Include="..\..\Twini-Golf-main (1)\Twini-Golf-main\res\gfx\end.png">
      <Filter>Source Files\res\gfx</Filter>
    </Image>
    <Image Include="..\..\Twini-Golf-main (1)\Twini-Golf-main\res\gfx\endscreen_overlay.png">
      <Filter>Source Files\res\gfx</Filter>
    </Image>
    <Image Include="..\..\Twini-Golf-main (1)\Twini-Golf-main\res\gfx\hole.png">
      <Filter>Source Files\res\gfx</Filter>
    </Image>
    <Image Include="..\..\Twini-Golf-main (1)\Twini-Golf-main\res\gfx\levelText_bg.png">
      <Filter>Source Files\res\gfx</Filter>
    </Image>
    <Image Include="..\..\Twini-Golf-main (1)\Twini-Golf-main\res\gfx\logo.png">
      <Filter>Source Files\res\gfx</Filter>
    </Image>
    <Image Include="..\..\Twini-Golf-main (1)\Twini-Golf-main\res\gfx\point.png">
      <Filter>Source Files\res\gfx</Filter>
    </Image>
    <Image Include="..\..\Twini-Golf-main (1)\Twini-Golf-main\res\gfx\powermeter_bg.png">
      <Filter>Source Files\res\gfx</Filter>
    </Image>
    <Image Include="..\..\Twini-Golf-main (1)\Twini-Golf-main\res\gfx\powermeter_fg.png">
      <Filter>Source Files\res\gfx</Filter>
    </Image>
    <Image Include="..\..\Twini-Golf-main (1)\Twini-Golf-main\res\gfx\powermeter_overlay.png">
      <Filter>Source Files\res\gfx</Filter>
    </Image>
    <Image Include="..\..\Twini-Golf-main (1)\Twini-Golf-main\res\gfx\splashBg.png">
      <Filter>Source Files\res\gfx</Filter>
    </Image>
    <Image Include="..\..\Twini-Golf-main (1)\Twini-Golf-main\res\gfx\tile32_dark.png">
      <Filter>Source Files\res\gfx</Filter>
    </Image>
    <Image Include="..\..\Twini-Golf-main (1)\Twini-Golf-main\res\gfx\tile32_light.png">
      <Filter>Source Files\res\gfx</Filter>
    </Image>
    <Image Include="..\..\Twini-Golf-main (1)\Twini-Golf-main\res\gfx\tile64_dark.png">
      <Filter>Source Files\res\gfx</Filter>
    </Image>
    <Image Include="..\..\Twini-Golf-main (1)\Twini-Golf-main\res\gfx\tile64_light.png">
      <Filter>Source Files\res\gfx</Filter>
    </Image>
    <Image Include="..\..\Twini-Golf-main (1)\Twini-Golf-main\res\gfx\UI_bg.png">
      <Filter>Source Files\res\gfx</Filter>
    </Image>
  </ItemGroup>
  <ItemGroup>
    <Font Include="..\..\Twini-Golf-main (1)\Twini-Golf-main\res\font\font.ttf">
      <Filter>Source Files\res\font</Filter>
    </Font>
  </ItemGroup>
  <ItemGroup>
    <Media Include="..\..\Twini-Golf-main (1)\Twini-Golf-main\res\sfx\charge.mp3">
      <Filter>Source Files\res\sfx</Filter>
    </Media>
    <Media Include="..\..\Twini-Golf-main (1)\Twini-Golf-main\res\sfx\hole.mp3">
      <Filter>Source Files\res\sfx</Filter>
    </Media>
    <Media Include="..\..\Twini-Golf-main (1)\Twini-Golf-main\res\sfx\swing.mp3">
      <Filter>Source Files\res\sfx</Filter>
    </Media>
  </ItemGroup>
</Project>